{
  "name": "perfect-scrollbar",
  "version": "1.0.0-dev",
  "lockfileVersion": 1,
  "requires": true,
  "dependencies": {
    "prettier": {
      "version": "1.7.0",
      "resolved": "https://registry.npmjs.org/prettier/-/prettier-1.7.0.tgz",
      "integrity": "sha512-kIbA3UE9sYGiVCxlWg92EOHWZqte6EAkC7DS5je6NaL8g3Uw1rWe0eH+UX4Hy5OEiR9aql2vVMHeg6lR4YGxYg==",
      "dev": true
    }
  }
}
