# THIS IS AN AUTOGENERATED FILE. DO NOT EDIT THIS FILE DIRECTLY.
# yarn lockfile v1


"@babel/code-frame@^7.10.4":
  version "7.10.4"
  resolved "http://bnpm.byted.org/@babel/code-frame/download/@babel/code-frame-7.10.4.tgz#168da1a36e90da68ae8d49c0f1b48c7c6249213a"
  dependencies:
    "@babel/highlight" "^7.10.4"

"@babel/core@^7.7.2":
  version "7.11.4"
  resolved "http://bnpm.byted.org/@babel/core/download/@babel/core-7.11.4.tgz#4301dfdfafa01eeb97f1896c5501a3f0655d4229"
  dependencies:
    "@babel/code-frame" "^7.10.4"
    "@babel/generator" "^7.11.4"
    "@babel/helper-module-transforms" "^7.11.0"
    "@babel/helpers" "^7.10.4"
    "@babel/parser" "^7.11.4"
    "@babel/template" "^7.10.4"
    "@babel/traverse" "^7.11.0"
    "@babel/types" "^7.11.0"
    convert-source-map "^1.7.0"
    debug "^4.1.0"
    gensync "^1.0.0-beta.1"
    json5 "^2.1.2"
    lodash "^4.17.19"
    resolve "^1.3.2"
    semver "^5.4.1"
    source-map "^0.5.0"

"@babel/generator@^7.11.0", "@babel/generator@^7.11.4":
  version "7.11.4"
  resolved "http://bnpm.byted.org/@babel/generator/download/@babel/generator-7.11.4.tgz#1ec7eec00defba5d6f83e50e3ee72ae2fee482be"
  dependencies:
    "@babel/types" "^7.11.0"
    jsesc "^2.5.1"
    source-map "^0.5.0"

"@babel/helper-function-name@^7.10.4":
  version "7.10.4"
  resolved "http://bnpm.byted.org/@babel/helper-function-name/download/@babel/helper-function-name-7.10.4.tgz#d2d3b20c59ad8c47112fa7d2a94bc09d5ef82f1a"
  dependencies:
    "@babel/helper-get-function-arity" "^7.10.4"
    "@babel/template" "^7.10.4"
    "@babel/types" "^7.10.4"

"@babel/helper-get-function-arity@^7.10.4":
  version "7.10.4"
  resolved "http://bnpm.byted.org/@babel/helper-get-function-arity/download/@babel/helper-get-function-arity-7.10.4.tgz#98c1cbea0e2332f33f9a4661b8ce1505b2c19ba2"
  dependencies:
    "@babel/types" "^7.10.4"

"@babel/helper-member-expression-to-functions@^7.10.4":
  version "7.11.0"
  resolved "http://bnpm.byted.org/@babel/helper-member-expression-to-functions/download/@babel/helper-member-expression-to-functions-7.11.0.tgz#ae69c83d84ee82f4b42f96e2a09410935a8f26df"
  dependencies:
    "@babel/types" "^7.11.0"

"@babel/helper-module-imports@^7.0.0", "@babel/helper-module-imports@^7.10.4":
  version "7.10.4"
  resolved "http://bnpm.byted.org/@babel/helper-module-imports/download/@babel/helper-module-imports-7.10.4.tgz#4c5c54be04bd31670a7382797d75b9fa2e5b5620"
  dependencies:
    "@babel/types" "^7.10.4"

"@babel/helper-module-transforms@^7.11.0":
  version "7.11.0"
  resolved "http://bnpm.byted.org/@babel/helper-module-transforms/download/@babel/helper-module-transforms-7.11.0.tgz#b16f250229e47211abdd84b34b64737c2ab2d359"
  dependencies:
    "@babel/helper-module-imports" "^7.10.4"
    "@babel/helper-replace-supers" "^7.10.4"
    "@babel/helper-simple-access" "^7.10.4"
    "@babel/helper-split-export-declaration" "^7.11.0"
    "@babel/template" "^7.10.4"
    "@babel/types" "^7.11.0"
    lodash "^4.17.19"

"@babel/helper-optimise-call-expression@^7.10.4":
  version "7.10.4"
  resolved "http://bnpm.byted.org/@babel/helper-optimise-call-expression/download/@babel/helper-optimise-call-expression-7.10.4.tgz#50dc96413d594f995a77905905b05893cd779673"
  dependencies:
    "@babel/types" "^7.10.4"

"@babel/helper-plugin-utils@^7.8.0":
  version "7.10.4"
  resolved "http://bnpm.byted.org/@babel/helper-plugin-utils/download/@babel/helper-plugin-utils-7.10.4.tgz#2f75a831269d4f677de49986dff59927533cf375"

"@babel/helper-replace-supers@^7.10.4":
  version "7.10.4"
  resolved "http://bnpm.byted.org/@babel/helper-replace-supers/download/@babel/helper-replace-supers-7.10.4.tgz#d585cd9388ea06e6031e4cd44b6713cbead9e6cf"
  dependencies:
    "@babel/helper-member-expression-to-functions" "^7.10.4"
    "@babel/helper-optimise-call-expression" "^7.10.4"
    "@babel/traverse" "^7.10.4"
    "@babel/types" "^7.10.4"

"@babel/helper-simple-access@^7.10.4":
  version "7.10.4"
  resolved "http://bnpm.byted.org/@babel/helper-simple-access/download/@babel/helper-simple-access-7.10.4.tgz#0f5ccda2945277a2a7a2d3a821e15395edcf3461"
  dependencies:
    "@babel/template" "^7.10.4"
    "@babel/types" "^7.10.4"

"@babel/helper-split-export-declaration@^7.11.0":
  version "7.11.0"
  resolved "http://bnpm.byted.org/@babel/helper-split-export-declaration/download/@babel/helper-split-export-declaration-7.11.0.tgz#f8a491244acf6a676158ac42072911ba83ad099f"
  dependencies:
    "@babel/types" "^7.11.0"

"@babel/helper-validator-identifier@^7.10.4":
  version "7.10.4"
  resolved "http://bnpm.byted.org/@babel/helper-validator-identifier/download/@babel/helper-validator-identifier-7.10.4.tgz#a78c7a7251e01f616512d31b10adcf52ada5e0d2"

"@babel/helpers@^7.10.4":
  version "7.10.4"
  resolved "http://bnpm.byted.org/@babel/helpers/download/@babel/helpers-7.10.4.tgz#2abeb0d721aff7c0a97376b9e1f6f65d7a475044"
  dependencies:
    "@babel/template" "^7.10.4"
    "@babel/traverse" "^7.10.4"
    "@babel/types" "^7.10.4"

"@babel/highlight@^7.10.4":
  version "7.10.4"
  resolved "http://bnpm.byted.org/@babel/highlight/download/@babel/highlight-7.10.4.tgz#7d1bdfd65753538fabe6c38596cdb76d9ac60143"
  dependencies:
    "@babel/helper-validator-identifier" "^7.10.4"
    chalk "^2.0.0"
    js-tokens "^4.0.0"

"@babel/parser@^7.10.4", "@babel/parser@^7.11.0", "@babel/parser@^7.11.4":
  version "7.11.4"
  resolved "http://bnpm.byted.org/@babel/parser/download/@babel/parser-7.11.4.tgz#6fa1a118b8b0d80d0267b719213dc947e88cc0ca"

"@babel/plugin-syntax-dynamic-import@^7.2.0":
  version "7.8.3"
  resolved "http://bnpm.byted.org/@babel/plugin-syntax-dynamic-import/download/@babel/plugin-syntax-dynamic-import-7.8.3.tgz#62bf98b2da3cd21d626154fc96ee5b3cb68eacb3"
  dependencies:
    "@babel/helper-plugin-utils" "^7.8.0"

"@babel/template@^7.10.4":
  version "7.10.4"
  resolved "http://bnpm.byted.org/@babel/template/download/@babel/template-7.10.4.tgz#3251996c4200ebc71d1a8fc405fba940f36ba278"
  dependencies:
    "@babel/code-frame" "^7.10.4"
    "@babel/parser" "^7.10.4"
    "@babel/types" "^7.10.4"

"@babel/traverse@^7.10.4", "@babel/traverse@^7.11.0":
  version "7.11.0"
  resolved "http://bnpm.byted.org/@babel/traverse/download/@babel/traverse-7.11.0.tgz#9b996ce1b98f53f7c3e4175115605d56ed07dd24"
  dependencies:
    "@babel/code-frame" "^7.10.4"
    "@babel/generator" "^7.11.0"
    "@babel/helper-function-name" "^7.10.4"
    "@babel/helper-split-export-declaration" "^7.11.0"
    "@babel/parser" "^7.11.0"
    "@babel/types" "^7.11.0"
    debug "^4.1.0"
    globals "^11.1.0"
    lodash "^4.17.19"

"@babel/types@^7.10.4", "@babel/types@^7.11.0":
  version "7.11.0"
  resolved "http://bnpm.byted.org/@babel/types/download/@babel/types-7.11.0.tgz#2ae6bf1ba9ae8c3c43824e5861269871b206e90d"
  dependencies:
    "@babel/helper-validator-identifier" "^7.10.4"
    lodash "^4.17.19"
    to-fast-properties "^2.0.0"

"@comandeer/babel-plugin-banner@^5.0.0":
  version "5.0.0"
  resolved "http://bnpm.byted.org/@comandeer/babel-plugin-banner/download/@comandeer/babel-plugin-banner-5.0.0.tgz#30969cb08e810b67810d41761d0cfac292231ea9"

"@types/estree@*":
  version "0.0.45"
  resolved "http://bnpm.byted.org/@types/estree/download/@types/estree-0.0.45.tgz#e9387572998e5ecdac221950dab3e8c3b16af884"

"@types/node@*":
  version "14.6.0"
  resolved "http://bnpm.byted.org/@types/node/download/@types/node-14.6.0.tgz#7d4411bf5157339337d7cff864d9ff45f177b499"

acorn-dynamic-import@^4.0.0:
  version "4.0.0"
  resolved "http://bnpm.byted.org/acorn-dynamic-import/download/acorn-dynamic-import-4.0.0.tgz#482210140582a36b83c3e342e1cfebcaa9240948"

acorn-jsx@^5.0.1:
  version "5.2.0"
  resolved "http://bnpm.byted.org/acorn-jsx/download/acorn-jsx-5.2.0.tgz#4c66069173d6fdd68ed85239fc256226182b2ebe"

acorn@^6.1.1:
  version "6.4.1"
  resolved "http://bnpm.byted.org/acorn/download/acorn-6.4.1.tgz#531e58ba3f51b9dacb9a6646ca4debf5b14ca474"

acorn@^7.1.0:
  version "7.4.0"
  resolved "http://bnpm.byted.org/acorn/download/acorn-7.4.0.tgz#e1ad486e6c54501634c6c397c5c121daa383607c"

ansi-regex@^4.1.0:
  version "4.1.0"
  resolved "http://bnpm.byted.org/ansi-regex/download/ansi-regex-4.1.0.tgz#8b9f8f08cf1acb843756a839ca8c7e3168c51997"

ansi-styles@^3.2.0, ansi-styles@^3.2.1:
  version "3.2.1"
  resolved "http://bnpm.byted.org/ansi-styles/download/ansi-styles-3.2.1.tgz#41fbb20243e50b12be0f04b8dedbf07520ce841d"
  dependencies:
    color-convert "^1.9.0"

anymatch@~3.1.1:
  version "3.1.1"
  resolved "http://bnpm.byted.org/anymatch/download/anymatch-3.1.1.tgz#c55ecf02185e2469259399310c173ce31233b142"
  dependencies:
    normalize-path "^3.0.0"
    picomatch "^2.0.4"

babel-helper-evaluate-path@^0.5.0:
  version "0.5.0"
  resolved "http://bnpm.byted.org/babel-helper-evaluate-path/download/babel-helper-evaluate-path-0.5.0.tgz#a62fa9c4e64ff7ea5cea9353174ef023a900a67c"

babel-helper-flip-expressions@^0.4.3:
  version "0.4.3"
  resolved "http://bnpm.byted.org/babel-helper-flip-expressions/download/babel-helper-flip-expressions-0.4.3.tgz#3696736a128ac18bc25254b5f40a22ceb3c1d3fd"

babel-helper-is-nodes-equiv@^0.0.1:
  version "0.0.1"
  resolved "http://bnpm.byted.org/babel-helper-is-nodes-equiv/download/babel-helper-is-nodes-equiv-0.0.1.tgz#34e9b300b1479ddd98ec77ea0bbe9342dfe39684"

babel-helper-is-void-0@^0.4.3:
  version "0.4.3"
  resolved "http://bnpm.byted.org/babel-helper-is-void-0/download/babel-helper-is-void-0-0.4.3.tgz#7d9c01b4561e7b95dbda0f6eee48f5b60e67313e"

babel-helper-mark-eval-scopes@^0.4.3:
  version "0.4.3"
  resolved "http://bnpm.byted.org/babel-helper-mark-eval-scopes/download/babel-helper-mark-eval-scopes-0.4.3.tgz#d244a3bef9844872603ffb46e22ce8acdf551562"

babel-helper-remove-or-void@^0.4.3:
  version "0.4.3"
  resolved "http://bnpm.byted.org/babel-helper-remove-or-void/download/babel-helper-remove-or-void-0.4.3.tgz#a4f03b40077a0ffe88e45d07010dee241ff5ae60"

babel-helper-to-multiple-sequence-expressions@^0.5.0:
  version "0.5.0"
  resolved "http://bnpm.byted.org/babel-helper-to-multiple-sequence-expressions/download/babel-helper-to-multiple-sequence-expressions-0.5.0.tgz#a3f924e3561882d42fcf48907aa98f7979a4588d"

babel-plugin-minify-builtins@^0.5.0:
  version "0.5.0"
  resolved "http://bnpm.byted.org/babel-plugin-minify-builtins/download/babel-plugin-minify-builtins-0.5.0.tgz#31eb82ed1a0d0efdc31312f93b6e4741ce82c36b"

babel-plugin-minify-constant-folding@^0.5.0:
  version "0.5.0"
  resolved "http://bnpm.byted.org/babel-plugin-minify-constant-folding/download/babel-plugin-minify-constant-folding-0.5.0.tgz#f84bc8dbf6a561e5e350ff95ae216b0ad5515b6e"
  dependencies:
    babel-helper-evaluate-path "^0.5.0"

babel-plugin-minify-dead-code-elimination@^0.5.1:
  version "0.5.1"
  resolved "http://bnpm.byted.org/babel-plugin-minify-dead-code-elimination/download/babel-plugin-minify-dead-code-elimination-0.5.1.tgz#1a0c68e44be30de4976ca69ffc535e08be13683f"
  dependencies:
    babel-helper-evaluate-path "^0.5.0"
    babel-helper-mark-eval-scopes "^0.4.3"
    babel-helper-remove-or-void "^0.4.3"
    lodash "^4.17.11"

babel-plugin-minify-flip-comparisons@^0.4.3:
  version "0.4.3"
  resolved "http://bnpm.byted.org/babel-plugin-minify-flip-comparisons/download/babel-plugin-minify-flip-comparisons-0.4.3.tgz#00ca870cb8f13b45c038b3c1ebc0f227293c965a"
  dependencies:
    babel-helper-is-void-0 "^0.4.3"

babel-plugin-minify-guarded-expressions@^0.4.4:
  version "0.4.4"
  resolved "http://bnpm.byted.org/babel-plugin-minify-guarded-expressions/download/babel-plugin-minify-guarded-expressions-0.4.4.tgz#818960f64cc08aee9d6c75bec6da974c4d621135"
  dependencies:
    babel-helper-evaluate-path "^0.5.0"
    babel-helper-flip-expressions "^0.4.3"

babel-plugin-minify-infinity@^0.4.3:
  version "0.4.3"
  resolved "http://bnpm.byted.org/babel-plugin-minify-infinity/download/babel-plugin-minify-infinity-0.4.3.tgz#dfb876a1b08a06576384ef3f92e653ba607b39ca"

babel-plugin-minify-mangle-names@^0.5.0:
  version "0.5.0"
  resolved "http://bnpm.byted.org/babel-plugin-minify-mangle-names/download/babel-plugin-minify-mangle-names-0.5.0.tgz#bcddb507c91d2c99e138bd6b17a19c3c271e3fd3"
  dependencies:
    babel-helper-mark-eval-scopes "^0.4.3"

babel-plugin-minify-numeric-literals@^0.4.3:
  version "0.4.3"
  resolved "http://bnpm.byted.org/babel-plugin-minify-numeric-literals/download/babel-plugin-minify-numeric-literals-0.4.3.tgz#8e4fd561c79f7801286ff60e8c5fd9deee93c0bc"

babel-plugin-minify-replace@^0.5.0:
  version "0.5.0"
  resolved "http://bnpm.byted.org/babel-plugin-minify-replace/download/babel-plugin-minify-replace-0.5.0.tgz#d3e2c9946c9096c070efc96761ce288ec5c3f71c"

babel-plugin-minify-simplify@^0.5.1:
  version "0.5.1"
  resolved "http://bnpm.byted.org/babel-plugin-minify-simplify/download/babel-plugin-minify-simplify-0.5.1.tgz#f21613c8b95af3450a2ca71502fdbd91793c8d6a"
  dependencies:
    babel-helper-evaluate-path "^0.5.0"
    babel-helper-flip-expressions "^0.4.3"
    babel-helper-is-nodes-equiv "^0.0.1"
    babel-helper-to-multiple-sequence-expressions "^0.5.0"

babel-plugin-minify-type-constructors@^0.4.3:
  version "0.4.3"
  resolved "http://bnpm.byted.org/babel-plugin-minify-type-constructors/download/babel-plugin-minify-type-constructors-0.4.3.tgz#1bc6f15b87f7ab1085d42b330b717657a2156500"
  dependencies:
    babel-helper-is-void-0 "^0.4.3"

babel-plugin-transform-inline-consecutive-adds@^0.4.3:
  version "0.4.3"
  resolved "http://bnpm.byted.org/babel-plugin-transform-inline-consecutive-adds/download/babel-plugin-transform-inline-consecutive-adds-0.4.3.tgz#323d47a3ea63a83a7ac3c811ae8e6941faf2b0d1"

babel-plugin-transform-member-expression-literals@^6.9.4:
  version "6.9.4"
  resolved "http://bnpm.byted.org/babel-plugin-transform-member-expression-literals/download/babel-plugin-transform-member-expression-literals-6.9.4.tgz#37039c9a0c3313a39495faac2ff3a6b5b9d038bf"

babel-plugin-transform-merge-sibling-variables@^6.9.4:
  version "6.9.4"
  resolved "http://bnpm.byted.org/babel-plugin-transform-merge-sibling-variables/download/babel-plugin-transform-merge-sibling-variables-6.9.4.tgz#85b422fc3377b449c9d1cde44087203532401dae"

babel-plugin-transform-minify-booleans@^6.9.4:
  version "6.9.4"
  resolved "http://bnpm.byted.org/babel-plugin-transform-minify-booleans/download/babel-plugin-transform-minify-booleans-6.9.4.tgz#acbb3e56a3555dd23928e4b582d285162dd2b198"

babel-plugin-transform-property-literals@^6.9.4:
  version "6.9.4"
  resolved "http://bnpm.byted.org/babel-plugin-transform-property-literals/download/babel-plugin-transform-property-literals-6.9.4.tgz#98c1d21e255736573f93ece54459f6ce24985d39"
  dependencies:
    esutils "^2.0.2"

babel-plugin-transform-regexp-constructors@^0.4.3:
  version "0.4.3"
  resolved "http://bnpm.byted.org/babel-plugin-transform-regexp-constructors/download/babel-plugin-transform-regexp-constructors-0.4.3.tgz#58b7775b63afcf33328fae9a5f88fbd4fb0b4965"

babel-plugin-transform-remove-console@^6.9.4:
  version "6.9.4"
  resolved "http://bnpm.byted.org/babel-plugin-transform-remove-console/download/babel-plugin-transform-remove-console-6.9.4.tgz#b980360c067384e24b357a588d807d3c83527780"

babel-plugin-transform-remove-debugger@^6.9.4:
  version "6.9.4"
  resolved "http://bnpm.byted.org/babel-plugin-transform-remove-debugger/download/babel-plugin-transform-remove-debugger-6.9.4.tgz#42b727631c97978e1eb2d199a7aec84a18339ef2"

babel-plugin-transform-remove-undefined@^0.5.0:
  version "0.5.0"
  resolved "http://bnpm.byted.org/babel-plugin-transform-remove-undefined/download/babel-plugin-transform-remove-undefined-0.5.0.tgz#80208b31225766c630c97fa2d288952056ea22dd"
  dependencies:
    babel-helper-evaluate-path "^0.5.0"

babel-plugin-transform-simplify-comparison-operators@^6.9.4:
  version "6.9.4"
  resolved "http://bnpm.byted.org/babel-plugin-transform-simplify-comparison-operators/download/babel-plugin-transform-simplify-comparison-operators-6.9.4.tgz#f62afe096cab0e1f68a2d753fdf283888471ceb9"

babel-plugin-transform-undefined-to-void@^6.9.4:
  version "6.9.4"
  resolved "http://bnpm.byted.org/babel-plugin-transform-undefined-to-void/download/babel-plugin-transform-undefined-to-void-6.9.4.tgz#be241ca81404030678b748717322b89d0c8fe280"

babel-preset-minify@^0.5.1:
  version "0.5.1"
  resolved "http://bnpm.byted.org/babel-preset-minify/download/babel-preset-minify-0.5.1.tgz#25f5d0bce36ec818be80338d0e594106e21eaa9f"
  dependencies:
    babel-plugin-minify-builtins "^0.5.0"
    babel-plugin-minify-constant-folding "^0.5.0"
    babel-plugin-minify-dead-code-elimination "^0.5.1"
    babel-plugin-minify-flip-comparisons "^0.4.3"
    babel-plugin-minify-guarded-expressions "^0.4.4"
    babel-plugin-minify-infinity "^0.4.3"
    babel-plugin-minify-mangle-names "^0.5.0"
    babel-plugin-minify-numeric-literals "^0.4.3"
    babel-plugin-minify-replace "^0.5.0"
    babel-plugin-minify-simplify "^0.5.1"
    babel-plugin-minify-type-constructors "^0.4.3"
    babel-plugin-transform-inline-consecutive-adds "^0.4.3"
    babel-plugin-transform-member-expression-literals "^6.9.4"
    babel-plugin-transform-merge-sibling-variables "^6.9.4"
    babel-plugin-transform-minify-booleans "^6.9.4"
    babel-plugin-transform-property-literals "^6.9.4"
    babel-plugin-transform-regexp-constructors "^0.4.3"
    babel-plugin-transform-remove-console "^6.9.4"
    babel-plugin-transform-remove-debugger "^6.9.4"
    babel-plugin-transform-remove-undefined "^0.5.0"
    babel-plugin-transform-simplify-comparison-operators "^6.9.4"
    babel-plugin-transform-undefined-to-void "^6.9.4"
    lodash "^4.17.11"

binary-extensions@^2.0.0:
  version "2.1.0"
  resolved "http://bnpm.byted.org/binary-extensions/download/binary-extensions-2.1.0.tgz#30fa40c9e7fe07dbc895678cd287024dea241dd9"

braces@~3.0.2:
  version "3.0.2"
  resolved "http://bnpm.byted.org/braces/download/braces-3.0.2.tgz#3454e1a462ee8d599e236df336cd9ea4f8afe107"
  dependencies:
    fill-range "^7.0.1"

buble@^0.19.8:
  version "0.19.8"
  resolved "http://bnpm.byted.org/buble/download/buble-0.19.8.tgz#d642f0081afab66dccd897d7b6360d94030b9d3d"
  dependencies:
    acorn "^6.1.1"
    acorn-dynamic-import "^4.0.0"
    acorn-jsx "^5.0.1"
    chalk "^2.4.2"
    magic-string "^0.25.3"
    minimist "^1.2.0"
    os-homedir "^2.0.0"
    regexpu-core "^4.5.4"

camelcase@^5.0.0:
  version "5.3.1"
  resolved "http://bnpm.byted.org/camelcase/download/camelcase-5.3.1.tgz#e3c9b31569e106811df242f715725a1f4c494320"

chalk@^2.0.0, chalk@^2.4.2:
  version "2.4.2"
  resolved "http://bnpm.byted.org/chalk/download/chalk-2.4.2.tgz#cd42541677a54333cf541a49108c1432b44c9424"
  dependencies:
    ansi-styles "^3.2.1"
    escape-string-regexp "^1.0.5"
    supports-color "^5.3.0"

chokidar-cli@^2.1.0:
  version "2.1.0"
  resolved "http://bnpm.byted.org/chokidar-cli/download/chokidar-cli-2.1.0.tgz#2491df133bd62cd145227b1746fbd94f2733e1bc"
  dependencies:
    chokidar "^3.2.3"
    lodash.debounce "^4.0.8"
    lodash.throttle "^4.1.1"
    yargs "^13.3.0"

chokidar@^3.2.3:
  version "3.4.2"
  resolved "http://bnpm.byted.org/chokidar/download/chokidar-3.4.2.tgz#38dc8e658dec3809741eb3ef7bb0a47fe424232d"
  dependencies:
    anymatch "~3.1.1"
    braces "~3.0.2"
    glob-parent "~5.1.0"
    is-binary-path "~2.1.0"
    is-glob "~4.0.1"
    normalize-path "~3.0.0"
    readdirp "~3.4.0"
  optionalDependencies:
    fsevents "~2.1.2"

cliui@^5.0.0:
  version "5.0.0"
  resolved "http://bnpm.byted.org/cliui/download/cliui-5.0.0.tgz#deefcfdb2e800784aa34f46fa08e06851c7bbbc5"
  dependencies:
    string-width "^3.1.0"
    strip-ansi "^5.2.0"
    wrap-ansi "^5.1.0"

color-convert@^1.9.0:
  version "1.9.3"
  resolved "http://bnpm.byted.org/color-convert/download/color-convert-1.9.3.tgz#bb71850690e1f136567de629d2d5471deda4c1e8"
  dependencies:
    color-name "1.1.3"

color-name@1.1.3:
  version "1.1.3"
  resolved "http://bnpm.byted.org/color-name/download/color-name-1.1.3.tgz#a7d0558bd89c42f795dd42328f740831ca53bc25"

convert-source-map@^1.7.0:
  version "1.7.0"
  resolved "http://bnpm.byted.org/convert-source-map/download/convert-source-map-1.7.0.tgz#17a2cb882d7f77d3490585e2ce6c524424a3a442"
  dependencies:
    safe-buffer "~5.1.1"

debug@^4.1.0:
  version "4.1.1"
  resolved "http://bnpm.byted.org/debug/download/debug-4.1.1.tgz#3b72260255109c6b589cee050f1d516139664791"
  dependencies:
    ms "^2.1.1"

decamelize@^1.2.0:
  version "1.2.0"
  resolved "http://bnpm.byted.org/decamelize/download/decamelize-1.2.0.tgz#f6534d15148269b20352e7bee26f501f9a191290"

emoji-regex@^7.0.1:
  version "7.0.3"
  resolved "http://bnpm.byted.org/emoji-regex/download/emoji-regex-7.0.3.tgz#933a04052860c85e83c122479c4748a8e4c72156"

escape-string-regexp@^1.0.5:
  version "1.0.5"
  resolved "http://bnpm.byted.org/escape-string-regexp/download/escape-string-regexp-1.0.5.tgz#1b61c0562190a8dff6ae3bb2cf0200ca130b86d4"

estree-walker@^0.6.1:
  version "0.6.1"
  resolved "http://bnpm.byted.org/estree-walker/download/estree-walker-0.6.1.tgz#53049143f40c6eb918b23671d1fe3219f3a1b362"

esutils@^2.0.2:
  version "2.0.3"
  resolved "http://bnpm.byted.org/esutils/download/esutils-2.0.3.tgz#74d2eb4de0b8da1293711910d50775b9b710ef64"

fill-range@^7.0.1:
  version "7.0.1"
  resolved "http://bnpm.byted.org/fill-range/download/fill-range-7.0.1.tgz#1919a6a7c75fe38b2c7c77e5198535da9acdda40"
  dependencies:
    to-regex-range "^5.0.1"

find-up@^3.0.0:
  version "3.0.0"
  resolved "http://bnpm.byted.org/find-up/download/find-up-3.0.0.tgz#49169f1d7993430646da61ecc5ae355c21c97b73"
  dependencies:
    locate-path "^3.0.0"

fsevents@~2.1.2:
  version "2.1.3"
  resolved "http://bnpm.byted.org/fsevents/download/fsevents-2.1.3.tgz#fb738703ae8d2f9fe900c33836ddebee8b97f23e"

gensync@^1.0.0-beta.1:
  version "1.0.0-beta.1"
  resolved "http://bnpm.byted.org/gensync/download/gensync-1.0.0-beta.1.tgz#58f4361ff987e5ff6e1e7a210827aa371eaac269"

get-caller-file@^2.0.1:
  version "2.0.5"
  resolved "http://bnpm.byted.org/get-caller-file/download/get-caller-file-2.0.5.tgz#4f94412a82db32f36e3b0b9741f8a97feb031f7e"

glob-parent@~5.1.0:
  version "5.1.1"
  resolved "http://bnpm.byted.org/glob-parent/download/glob-parent-5.1.1.tgz#b6c1ef417c4e5663ea498f1c45afac6916bbc229"
  dependencies:
    is-glob "^4.0.1"

globals@^11.1.0:
  version "11.12.0"
  resolved "http://bnpm.byted.org/globals/download/globals-11.12.0.tgz#ab8795338868a0babd8525758018c2a7eb95c42e"

has-flag@^3.0.0:
  version "3.0.0"
  resolved "http://bnpm.byted.org/has-flag/download/has-flag-3.0.0.tgz#b5d454dc2199ae225699f3467e5a07f3b955bafd"

is-binary-path@~2.1.0:
  version "2.1.0"
  resolved "http://bnpm.byted.org/is-binary-path/download/is-binary-path-2.1.0.tgz#ea1f7f3b80f064236e83470f86c09c254fb45b09"
  dependencies:
    binary-extensions "^2.0.0"

is-extglob@^2.1.1:
  version "2.1.1"
  resolved "http://bnpm.byted.org/is-extglob/download/is-extglob-2.1.1.tgz#a88c02535791f02ed37c76a1b9ea9773c833f8c2"

is-fullwidth-code-point@^2.0.0:
  version "2.0.0"
  resolved "http://bnpm.byted.org/is-fullwidth-code-point/download/is-fullwidth-code-point-2.0.0.tgz#a3b30a5c4f199183167aaab93beefae3ddfb654f"

is-glob@^4.0.1, is-glob@~4.0.1:
  version "4.0.1"
  resolved "http://bnpm.byted.org/is-glob/download/is-glob-4.0.1.tgz#7567dbe9f2f5e2467bc77ab83c4a29482407a5dc"
  dependencies:
    is-extglob "^2.1.1"

is-number@^7.0.0:
  version "7.0.0"
  resolved "http://bnpm.byted.org/is-number/download/is-number-7.0.0.tgz#7535345b896734d5f80c4d06c50955527a14f12b"

js-tokens@^4.0.0:
  version "4.0.0"
  resolved "http://bnpm.byted.org/js-tokens/download/js-tokens-4.0.0.tgz#19203fb59991df98e3a287050d4647cdeaf32499"

jsesc@^2.5.1:
  version "2.5.2"
  resolved "http://bnpm.byted.org/jsesc/download/jsesc-2.5.2.tgz#80564d2e483dacf6e8ef209650a67df3f0c283a4"

jsesc@~0.5.0:
  version "0.5.0"
  resolved "http://bnpm.byted.org/jsesc/download/jsesc-0.5.0.tgz#e7dee66e35d6fc16f710fe91d5cf69f70f08911d"

json5@^2.1.2:
  version "2.1.3"
  resolved "http://bnpm.byted.org/json5/download/json5-2.1.3.tgz#c9b0f7fa9233bfe5807fe66fcf3a5617ed597d43"
  dependencies:
    minimist "^1.2.5"

locate-path@^3.0.0:
  version "3.0.0"
  resolved "http://bnpm.byted.org/locate-path/download/locate-path-3.0.0.tgz#dbec3b3ab759758071b58fe59fc41871af21400e"
  dependencies:
    p-locate "^3.0.0"
    path-exists "^3.0.0"

lodash.debounce@^4.0.8:
  version "4.0.8"
  resolved "http://bnpm.byted.org/lodash.debounce/download/lodash.debounce-4.0.8.tgz#82d79bff30a67c4005ffd5e2515300ad9ca4d7af"

lodash.throttle@^4.1.1:
  version "4.1.1"
  resolved "http://bnpm.byted.org/lodash.throttle/download/lodash.throttle-4.1.1.tgz#c23e91b710242ac70c37f1e1cda9274cc39bf2f4"

lodash@^4.17.11, lodash@^4.17.19:
  version "4.17.20"
  resolved "http://bnpm.byted.org/lodash/download/lodash-4.17.20.tgz#b44a9b6297bcb698f1c51a3545a2b3b368d59c52"

magic-string@^0.25.3:
  version "0.25.7"
  resolved "http://bnpm.byted.org/magic-string/download/magic-string-0.25.7.tgz#3f497d6fd34c669c6798dcb821f2ef31f5445051"
  dependencies:
    sourcemap-codec "^1.4.4"

minimist@^1.2.0, minimist@^1.2.5:
  version "1.2.5"
  resolved "http://bnpm.byted.org/minimist/download/minimist-1.2.5.tgz#67d66014b66a6a8aaa0c083c5fd58df4e4e97602"

ms@^2.1.1:
  version "2.1.2"
  resolved "http://bnpm.byted.org/ms/download/ms-2.1.2.tgz#d09d1f357b443f493382a8eb3ccd183872ae6009"

normalize-path@^3.0.0, normalize-path@~3.0.0:
  version "3.0.0"
  resolved "http://bnpm.byted.org/normalize-path/download/normalize-path-3.0.0.tgz#0dcd69ff23a1c9b11fd0978316644a0388216a65"

os-homedir@^2.0.0:
  version "2.0.0"
  resolved "http://bnpm.byted.org/os-homedir/download/os-homedir-2.0.0.tgz#a0c76bb001a8392a503cbd46e7e650b3423a923c"

p-limit@^2.0.0:
  version "2.3.0"
  resolved "http://bnpm.byted.org/p-limit/download/p-limit-2.3.0.tgz#3dd33c647a214fdfffd835933eb086da0dc21db1"
  dependencies:
    p-try "^2.0.0"

p-locate@^3.0.0:
  version "3.0.0"
  resolved "http://bnpm.byted.org/p-locate/download/p-locate-3.0.0.tgz#322d69a05c0264b25997d9f40cd8a891ab0064a4"
  dependencies:
    p-limit "^2.0.0"

p-try@^2.0.0:
  version "2.2.0"
  resolved "http://bnpm.byted.org/p-try/download/p-try-2.2.0.tgz#cb2868540e313d61de58fafbe35ce9004d5540e6"

path-exists@^3.0.0:
  version "3.0.0"
  resolved "http://bnpm.byted.org/path-exists/download/path-exists-3.0.0.tgz#ce0ebeaa5f78cb18925ea7d810d7b59b010fd515"

path-parse@^1.0.6:
  version "1.0.6"
  resolved "http://bnpm.byted.org/path-parse/download/path-parse-1.0.6.tgz#d62dbb5679405d72c4737ec58600e9ddcf06d24c"

picomatch@^2.0.4, picomatch@^2.2.1:
  version "2.2.2"
  resolved "http://bnpm.byted.org/picomatch/download/picomatch-2.2.2.tgz#21f333e9b6b8eaff02468f5146ea406d345f4dad"

prettier@^1.19.1:
  version "1.19.1"
  resolved "http://bnpm.byted.org/prettier/download/prettier-1.19.1.tgz#f7d7f5ff8a9cd872a7be4ca142095956a60797cb"

readdirp@~3.4.0:
  version "3.4.0"
  resolved "http://bnpm.byted.org/readdirp/download/readdirp-3.4.0.tgz#9fdccdf9e9155805449221ac645e8303ab5b9ada"
  dependencies:
    picomatch "^2.2.1"

regenerate-unicode-properties@^8.2.0:
  version "8.2.0"
  resolved "http://bnpm.byted.org/regenerate-unicode-properties/download/regenerate-unicode-properties-8.2.0.tgz#e5de7111d655e7ba60c057dbe9ff37c87e65cdec"
  dependencies:
    regenerate "^1.4.0"

regenerate@^1.4.0:
  version "1.4.1"
  resolved "http://bnpm.byted.org/regenerate/download/regenerate-1.4.1.tgz#cad92ad8e6b591773485fbe05a485caf4f457e6f"

regexpu-core@^4.5.4:
  version "4.7.0"
  resolved "http://bnpm.byted.org/regexpu-core/download/regexpu-core-4.7.0.tgz#fcbf458c50431b0bb7b45d6967b8192d91f3d938"
  dependencies:
    regenerate "^1.4.0"
    regenerate-unicode-properties "^8.2.0"
    regjsgen "^0.5.1"
    regjsparser "^0.6.4"
    unicode-match-property-ecmascript "^1.0.4"
    unicode-match-property-value-ecmascript "^1.2.0"

regjsgen@^0.5.1:
  version "0.5.2"
  resolved "http://bnpm.byted.org/regjsgen/download/regjsgen-0.5.2.tgz#92ff295fb1deecbf6ecdab2543d207e91aa33733"

regjsparser@^0.6.4:
  version "0.6.4"
  resolved "http://bnpm.byted.org/regjsparser/download/regjsparser-0.6.4.tgz#a769f8684308401a66e9b529d2436ff4d0666272"
  dependencies:
    jsesc "~0.5.0"

require-directory@^2.1.1:
  version "2.1.1"
  resolved "http://bnpm.byted.org/require-directory/download/require-directory-2.1.1.tgz#8c64ad5fd30dab1c976e2344ffe7f792a6a6df42"

require-main-filename@^2.0.0:
  version "2.0.0"
  resolved "http://bnpm.byted.org/require-main-filename/download/require-main-filename-2.0.0.tgz#d0b329ecc7cc0f61649f62215be69af54aa8989b"

resolve@^1.3.2:
  version "1.17.0"
  resolved "http://bnpm.byted.org/resolve/download/resolve-1.17.0.tgz#b25941b54968231cc2d1bb76a79cb7f2c0bf8444"
  dependencies:
    path-parse "^1.0.6"

rollup-plugin-babel-minify@^9.1.1:
  version "9.1.1"
  resolved "http://bnpm.byted.org/rollup-plugin-babel-minify/download/rollup-plugin-babel-minify-9.1.1.tgz#a08c7c231952e276f234bdbbc5b52072df6d60d9"
  dependencies:
    "@babel/core" "^7.7.2"
    "@babel/plugin-syntax-dynamic-import" "^7.2.0"
    "@comandeer/babel-plugin-banner" "^5.0.0"
    babel-preset-minify "^0.5.1"
    sourcemap-codec "^1.4.6"

rollup-plugin-babel@^4.3.3:
  version "4.4.0"
  resolved "http://bnpm.byted.org/rollup-plugin-babel/download/rollup-plugin-babel-4.4.0.tgz#d15bd259466a9d1accbdb2fe2fff17c52d030acb"
  dependencies:
    "@babel/helper-module-imports" "^7.0.0"
    rollup-pluginutils "^2.8.1"

rollup-plugin-buble@^0.19.8:
  version "0.19.8"
  resolved "http://bnpm.byted.org/rollup-plugin-buble/download/rollup-plugin-buble-0.19.8.tgz#f9232e2bb62a7573d04f9705c1bd6f02c2a02c6a"
  dependencies:
    buble "^0.19.8"
    rollup-pluginutils "^2.3.3"

rollup-pluginutils@^2.3.3, rollup-pluginutils@^2.8.1:
  version "2.8.2"
  resolved "http://bnpm.byted.org/rollup-pluginutils/download/rollup-pluginutils-2.8.2.tgz#72f2af0748b592364dbd3389e600e5a9444a351e"
  dependencies:
    estree-walker "^0.6.1"

rollup@^1.27.8:
  version "1.32.1"
  resolved "http://bnpm.byted.org/rollup/download/rollup-1.32.1.tgz#4480e52d9d9e2ae4b46ba0d9ddeaf3163940f9c4"
  dependencies:
    "@types/estree" "*"
    "@types/node" "*"
    acorn "^7.1.0"

safe-buffer@~5.1.1:
  version "5.1.2"
  resolved "http://bnpm.byted.org/safe-buffer/download/safe-buffer-5.1.2.tgz#991ec69d296e0313747d59bdfd2b745c35f8828d"

semver@^5.4.1:
  version "5.7.1"
  resolved "http://bnpm.byted.org/semver/download/semver-5.7.1.tgz#a954f931aeba508d307bbf069eff0c01c96116f7"

set-blocking@^2.0.0:
  version "2.0.0"
  resolved "http://bnpm.byted.org/set-blocking/download/set-blocking-2.0.0.tgz#045f9782d011ae9a6803ddd382b24392b3d890f7"

source-map@^0.5.0:
  version "0.5.7"
  resolved "http://bnpm.byted.org/source-map/download/source-map-0.5.7.tgz#8a039d2d1021d22d1ea14c80d8ea468ba2ef3fcc"

sourcemap-codec@^1.4.4, sourcemap-codec@^1.4.6:
  version "1.4.8"
  resolved "http://bnpm.byted.org/sourcemap-codec/download/sourcemap-codec-1.4.8.tgz#ea804bd94857402e6992d05a38ef1ae35a9ab4c4"

string-width@^3.0.0, string-width@^3.1.0:
  version "3.1.0"
  resolved "http://bnpm.byted.org/string-width/download/string-width-3.1.0.tgz#22767be21b62af1081574306f69ac51b62203961"
  dependencies:
    emoji-regex "^7.0.1"
    is-fullwidth-code-point "^2.0.0"
    strip-ansi "^5.1.0"

strip-ansi@^5.0.0, strip-ansi@^5.1.0, strip-ansi@^5.2.0:
  version "5.2.0"
  resolved "http://bnpm.byted.org/strip-ansi/download/strip-ansi-5.2.0.tgz#8c9a536feb6afc962bdfa5b104a5091c1ad9c0ae"
  dependencies:
    ansi-regex "^4.1.0"

supports-color@^5.3.0:
  version "5.5.0"
  resolved "http://bnpm.byted.org/supports-color/download/supports-color-5.5.0.tgz#e2e69a44ac8772f78a1ec0b35b689df6530efc8f"
  dependencies:
    has-flag "^3.0.0"

to-fast-properties@^2.0.0:
  version "2.0.0"
  resolved "http://bnpm.byted.org/to-fast-properties/download/to-fast-properties-2.0.0.tgz#dc5e698cbd079265bc73e0377681a4e4e83f616e"

to-regex-range@^5.0.1:
  version "5.0.1"
  resolved "http://bnpm.byted.org/to-regex-range/download/to-regex-range-5.0.1.tgz#1648c44aae7c8d988a326018ed72f5b4dd0392e4"
  dependencies:
    is-number "^7.0.0"

unicode-canonical-property-names-ecmascript@^1.0.4:
  version "1.0.4"
  resolved "http://bnpm.byted.org/unicode-canonical-property-names-ecmascript/download/unicode-canonical-property-names-ecmascript-1.0.4.tgz#2619800c4c825800efdd8343af7dd9933cbe2818"

unicode-match-property-ecmascript@^1.0.4:
  version "1.0.4"
  resolved "http://bnpm.byted.org/unicode-match-property-ecmascript/download/unicode-match-property-ecmascript-1.0.4.tgz#8ed2a32569961bce9227d09cd3ffbb8fed5f020c"
  dependencies:
    unicode-canonical-property-names-ecmascript "^1.0.4"
    unicode-property-aliases-ecmascript "^1.0.4"

unicode-match-property-value-ecmascript@^1.2.0:
  version "1.2.0"
  resolved "http://bnpm.byted.org/unicode-match-property-value-ecmascript/download/unicode-match-property-value-ecmascript-1.2.0.tgz#0d91f600eeeb3096aa962b1d6fc88876e64ea531"

unicode-property-aliases-ecmascript@^1.0.4:
  version "1.1.0"
  resolved "http://bnpm.byted.org/unicode-property-aliases-ecmascript/download/unicode-property-aliases-ecmascript-1.1.0.tgz#dd57a99f6207bedff4628abefb94c50db941c8f4"

which-module@^2.0.0:
  version "2.0.0"
  resolved "http://bnpm.byted.org/which-module/download/which-module-2.0.0.tgz#d9ef07dce77b9902b8a3a8fa4b31c3e3f7e6e87a"

wrap-ansi@^5.1.0:
  version "5.1.0"
  resolved "http://bnpm.byted.org/wrap-ansi/download/wrap-ansi-5.1.0.tgz#1fd1f67235d5b6d0fee781056001bfb694c03b09"
  dependencies:
    ansi-styles "^3.2.0"
    string-width "^3.0.0"
    strip-ansi "^5.0.0"

y18n@^4.0.0:
  version "4.0.0"
  resolved "http://bnpm.byted.org/y18n/download/y18n-4.0.0.tgz#95ef94f85ecc81d007c264e190a120f0a3c8566b"

yargs-parser@^13.1.2:
  version "13.1.2"
  resolved "http://bnpm.byted.org/yargs-parser/download/yargs-parser-13.1.2.tgz#130f09702ebaeef2650d54ce6e3e5706f7a4fb38"
  dependencies:
    camelcase "^5.0.0"
    decamelize "^1.2.0"

yargs@^13.3.0:
  version "13.3.2"
  resolved "http://bnpm.byted.org/yargs/download/yargs-13.3.2.tgz#ad7ffefec1aa59565ac915f82dccb38a9c31a2dd"
  dependencies:
    cliui "^5.0.0"
    find-up "^3.0.0"
    get-caller-file "^2.0.1"
    require-directory "^2.1.1"
    require-main-filename "^2.0.0"
    set-blocking "^2.0.0"
    string-width "^3.0.0"
    which-module "^2.0.0"
    y18n "^4.0.0"
    yargs-parser "^13.1.2"
